
Microsoft Visual Studio Solution File, Format Version 12.00
# Visual Studio 14
VisualStudioVersion = 14.0.24720.0
MinimumVisualStudioVersion = 10.0.40219.1
Project("{FAE04EC0-301F-11D3-BF4B-00C04F79EFBC}") = "osmutilFrontEnd", "osmutilFrontEnd\osmutilFrontEnd.csproj", "{1DA2FDD6-7C6B-42D3-BD1A-72776E9E1F18}"
EndProject
Project("{FAE04EC0-301F-11D3-BF4B-00C04F79EFBC}") = "osmUtilServices", "osmUtilServices\osmUtilServices.csproj", "{2469C344-D0EB-4A8E-97C2-4F0DB28CD172}"
EndProject
Global
	GlobalSection(SolutionConfigurationPlatforms) = preSolution
		Debug|Any CPU = Debug|Any CPU
		Release|Any CPU = Release|Any CPU
	EndGlobalSection
	GlobalSection(ProjectConfigurationPlatforms) = postSolution
		{1DA2FDD6-7C6B-42D3-BD1A-72776E9E1F18}.Debug|Any CPU.ActiveCfg = Debug|Any CPU
		{1DA2FDD6-7C6B-42D3-BD1A-72776E9E1F18}.Debug|Any CPU.Build.0 = Debug|Any CPU
		{1DA2FDD6-7C6B-42D3-BD1A-72776E9E1F18}.Release|Any CPU.ActiveCfg = Release|Any CPU
		{1DA2FDD6-7C6B-42D3-BD1A-72776E9E1F18}.Release|Any CPU.Build.0 = Release|Any CPU
		{2469C344-D0EB-4A8E-97C2-4F0DB28CD172}.Debug|Any CPU.ActiveCfg = Debug|Any CPU
		{2469C344-D0EB-4A8E-97C2-4F0DB28CD172}.Debug|Any CPU.Build.0 = Debug|Any CPU
		{2469C344-D0EB-4A8E-97C2-4F0DB28CD172}.Release|Any CPU.ActiveCfg = Release|Any CPU
		{2469C344-D0EB-4A8E-97C2-4F0DB28CD172}.Release|Any CPU.Build.0 = Release|Any CPU
	EndGlobalSection
	GlobalSection(SolutionProperties) = preSolution
		HideSolutionNode = FALSE
	EndGlobalSection
EndGlobal
